version = 1
revision = 3
requires-python = ">=3.9"
resolution-markers = [
    "python_full_version >= '3.10'",
    "python_full_version < '3.10'",
]

[[package]]
name = "dragons-dogma-stat-planner"
version = "0.6.0"
source = { virtual = "." }
dependencies = [
    { name = "pulp", version = "3.3.1", source = { registry = "https://pypi.org/simple" }, marker = "python_full_version < '3.10'" },
    { name = "pulp", version = "3.3.2", source = { registry = "https://pypi.org/simple" }, marker = "python_full_version >= '3.10'" },
]

[package.metadata]
requires-dist = [{ name = "pulp", specifier = ">=3.3.1" }]

[[package]]
name = "pulp"
version = "3.3.1"
source = { registry = "https://pypi.org/simple" }
resolution-markers = [
    "python_full_version < '3.10'",
]
sdist = { url = "https://files.pythonhosted.org/packages/58/a8/6e63330798761e0c903091786681651168fda7365f029b8b5d66160861f2/pulp-3.3.1.tar.gz", hash = "sha256:a9ec237a56981b11c2096e8ba6bb72006833410ba5b400aa257426f85df5e293", size = 16304830, upload-time = "2026-05-05T12:25:43.123Z" }
wheels = [
    { url = "https://files.pythonhosted.org/packages/9f/23/5a77fe2b50d962213338ae0fdd9832960186ebc423388fff1a56680e5114/pulp-3.3.1-py3-none-any.whl", hash = "sha256:45aa73db3368eb13b156564e092784c8fa0c1feefa64c2afb0410d9dc0bb5cd9", size = 16390866, upload-time = "2026-05-05T12:25:39.83Z" },
]

[[package]]
name = "pulp"
version = "3.3.2"
source = { registry = "https://pypi.org/simple" }
resolution-markers = [
    "python_full_version >= '3.10'",
]
sdist = { url = "https://files.pythonhosted.org/packages/4e/70/69be07a67621ad804d6cf347965eb4e0d7786a97330d99c31d735aaa6c5a/pulp-3.3.2.tar.gz", hash = "sha256:d0904700c207ac11e25e3b1213b70eae1d6fb25faa719d75f3f15054901258c0", size = 16305346, upload-time = "2026-05-25T09:41:26.207Z" }
wheels = [
    { url = "https://files.pythonhosted.org/packages/dd/6e/d674f1dde91c71e2ac19e5e5cf1ee6d5845e3aefecd9c39ed9c4b0c9a696/pulp-3.3.2-py3-none-any.whl", hash = "sha256:631b166f72086971a9597f7a0233ababa99bb8d50a01cd543f7758be5a9f86c0", size = 16391742, upload-time = "2026-05-25T09:41:22.2Z" },
]
