{
  "name": "ddda-build-solver-web",
  "version": "0.0.1",
  "lockfileVersion": 3,
  "requires": true,
  "packages": {
    "": {
      "name": "ddda-build-solver-web",
      "version": "0.0.1",
      "license": "GPL-3.0-or-later",
      "dependencies": {
        "glpk.js": "^5.0.0"
      }
    },
    "node_modules/glpk.js": {
      "version": "5.0.0",
      "resolved": "https://registry.npmjs.org/glpk.js/-/glpk.js-5.0.0.tgz",
      "integrity": "sha512-ni6nVv/EZVLs4dbN13Vy/H9pDTCjhB9oTlJ7tYi3e7zT6GCunUZJ0DuwCaJhmNc25sQUm6Ra18VaaMY8/fMWWw==",
      "license": "GPL-3.0",
      "dependencies": {
        "pako": "^2.1.0"
      },
      "engines": {
        "node": ">=20"
      }
    },
    "node_modules/pako": {
      "version": "2.1.0",
      "resolved": "https://registry.npmjs.org/pako/-/pako-2.1.0.tgz",
      "integrity": "sha512-w+eufiZ1WuJYgPXbV/PO3NCMEc3xqylkKHzp8bxp1uW4qaSNQUkwmLLEc3kKsfz8lpV1F8Ht3U1Cm+9Srog2ug==",
      "license": "(MIT AND Zlib)"
    }
  }
}
